// !$*UTF8*$!
{
	archiveVersion = 1;
	classes = {
	};
	objectVersion = 50;
	objects = {

/* Begin PBXBuildFile section */
		30B378D9221B731500D1AC2C /* AppDelegate.swift in Sources */ = {isa = PBXBuildFile; fileRef = 30B378D8221B731500D1AC2C /* AppDelegate.swift */; };
		30B378DB221B731500D1AC2C /* ViewController.swift in Sources */ = {isa = PBXBuildFile; fileRef = 30B378DA221B731500D1AC2C /* ViewController.swift */; };
		30B378DE221B731500D1AC2C /* Main.storyboard in Resources */ = {isa = PBXBuildFile; fileRef = 30B378DC221B731500D1AC2C /* Main.storyboard */; };
		30B378E0221B731600D1AC2C /* Assets.xcassets in Resources */ = {isa = PBXBuildFile; fileRef = 30B378DF221B731600D1AC2C /* Assets.xcassets */; };
		30B378E3221B731600D1AC2C /* LaunchScreen.storyboard in Resources */ = {isa = PBXBuildFile; fileRef = 30B378E1221B731600D1AC2C /* LaunchScreen.storyboard */; };
		30B378EE221B731600D1AC2C /* Deacon_EatsTests.swift in Sources */ = {isa = PBXBuildFile; fileRef = 30B378ED221B731600D1AC2C /* Deacon_EatsTests.swift */; };
		30B378F9221B731600D1AC2C /* Deacon_EatsUITests.swift in Sources */ = {isa = PBXBuildFile; fileRef = 30B378F8221B731600D1AC2C /* Deacon_EatsUITests.swift */; };
		30E29D8A222744DC003EA657 /* NewOrderViewController.swift in Sources */ = {isa = PBXBuildFile; fileRef = 30E29D89222744DC003EA657 /* NewOrderViewController.swift */; };
		30E29D8C22274644003EA657 /* GeneralTabBarViewController.swift in Sources */ = {isa = PBXBuildFile; fileRef = 30E29D8B22274644003EA657 /* GeneralTabBarViewController.swift */; };
		71796B7F222747800001F971 /* ListingsViewController.swift in Sources */ = {isa = PBXBuildFile; fileRef = 71796B7E222747800001F971 /* ListingsViewController.swift */; };
		915A4E672252A63800D7EF52 /* PickUpView.swift in Sources */ = {isa = PBXBuildFile; fileRef = 915A4E662252A63800D7EF52 /* PickUpView.swift */; };
		C745014D5EBDA4F19FF0A88E /* Pods_Deacon_Eats.framework in Frameworks */ = {isa = PBXBuildFile; fileRef = E9A321F4D5A8190BDC4E214D /* Pods_Deacon_Eats.framework */; };
		CF1F15D07604831142535B39 /* Pods_Deacon_EatsUITests.framework in Frameworks */ = {isa = PBXBuildFile; fileRef = 5D7074D9ED3880AF1EC5C9E4 /* Pods_Deacon_EatsUITests.framework */; };
		E8256E47224C13020009E07A /* ProfileViewController.swift in Sources */ = {isa = PBXBuildFile; fileRef = E8256E46224C13020009E07A /* ProfileViewController.swift */; };
		E86E6AD4222C7D4B00D00CC8 /* PlaceOrderViewController.swift in Sources */ = {isa = PBXBuildFile; fileRef = E86E6AD3222C7D4B00D00CC8 /* PlaceOrderViewController.swift */; };
		E8C37AD8226FE05800805B7F /* GoogleService-Info.plist in Resources */ = {isa = PBXBuildFile; fileRef = E8C37AD7226FE05800805B7F /* GoogleService-Info.plist */; };
		E8FFB029224C151100B948EE /* ProfileSubViewController.swift in Sources */ = {isa = PBXBuildFile; fileRef = E8FFB028224C151100B948EE /* ProfileSubViewController.swift */; };
		EFBBAB61F58A835E9B45B4C0 /* Pods_Deacon_EatsTests.framework in Frameworks */ = {isa = PBXBuildFile; fileRef = E1A85C5BBE09E3624E7DEE1F /* Pods_Deacon_EatsTests.framework */; };
/* End PBXBuildFile section */

/* Begin PBXContainerItemProxy section */
		30B378EA221B731600D1AC2C /* PBXContainerItemProxy */ = {
			isa = PBXContainerItemProxy;
			containerPortal = 30B378CD221B731500D1AC2C /* Project object */;
			proxyType = 1;
			remoteGlobalIDString = 30B378D4221B731500D1AC2C;
			remoteInfo = "Deacon Eats";
		};
		30B378F5221B731600D1AC2C /* PBXContainerItemProxy */ = {
			isa = PBXContainerItemProxy;
			containerPortal = 30B378CD221B731500D1AC2C /* Project object */;
			proxyType = 1;
			remoteGlobalIDString = 30B378D4221B731500D1AC2C;
			remoteInfo = "Deacon Eats";
		};
/* End PBXContainerItemProxy section */

/* Begin PBXFileReference section */
		30B378D5221B731500D1AC2C /* Deacon Eats.app */ = {isa = PBXFileReference; explicitFileType = wrapper.application; includeInIndex = 0; path = "Deacon Eats.app"; sourceTree = BUILT_PRODUCTS_DIR; };
		30B378D8221B731500D1AC2C /* AppDelegate.swift */ = {isa = PBXFileReference; lastKnownFileType = sourcecode.swift; path = AppDelegate.swift; sourceTree = "<group>"; };
		30B378DA221B731500D1AC2C /* ViewController.swift */ = {isa = PBXFileReference; lastKnownFileType = sourcecode.swift; path = ViewController.swift; sourceTree = "<group>"; };
		30B378DD221B731500D1AC2C /* Base */ = {isa = PBXFileReference; lastKnownFileType = file.storyboard; name = Base; path = Base.lproj/Main.storyboard; sourceTree = "<group>"; };
		30B378DF221B731600D1AC2C /* Assets.xcassets */ = {isa = PBXFileReference; lastKnownFileType = folder.assetcatalog; path = Assets.xcassets; sourceTree = "<group>"; };
		30B378E2221B731600D1AC2C /* Base */ = {isa = PBXFileReference; lastKnownFileType = file.storyboard; name = Base; path = Base.lproj/LaunchScreen.storyboard; sourceTree = "<group>"; };
		30B378E4221B731600D1AC2C /* Info.plist */ = {isa = PBXFileReference; lastKnownFileType = text.plist.xml; path = Info.plist; sourceTree = "<group>"; };
		30B378E9221B731600D1AC2C /* Deacon EatsTests.xctest */ = {isa = PBXFileReference; explicitFileType = wrapper.cfbundle; includeInIndex = 0; path = "Deacon EatsTests.xctest"; sourceTree = BUILT_PRODUCTS_DIR; };
		30B378ED221B731600D1AC2C /* Deacon_EatsTests.swift */ = {isa = PBXFileReference; lastKnownFileType = sourcecode.swift; path = Deacon_EatsTests.swift; sourceTree = "<group>"; };
		30B378EF221B731600D1AC2C /* Info.plist */ = {isa = PBXFileReference; lastKnownFileType = text.plist.xml; path = Info.plist; sourceTree = "<group>"; };
		30B378F4221B731600D1AC2C /* Deacon EatsUITests.xctest */ = {isa = PBXFileReference; explicitFileType = wrapper.cfbundle; includeInIndex = 0; path = "Deacon EatsUITests.xctest"; sourceTree = BUILT_PRODUCTS_DIR; };
		30B378F8221B731600D1AC2C /* Deacon_EatsUITests.swift */ = {isa = PBXFileReference; lastKnownFileType = sourcecode.swift; path = Deacon_EatsUITests.swift; sourceTree = "<group>"; };
		30B378FA221B731600D1AC2C /* Info.plist */ = {isa = PBXFileReference; lastKnownFileType = text.plist.xml; path = Info.plist; sourceTree = "<group>"; };
		30E29D89222744DC003EA657 /* NewOrderViewController.swift */ = {isa = PBXFileReference; lastKnownFileType = sourcecode.swift; path = NewOrderViewController.swift; sourceTree = "<group>"; };
		30E29D8B22274644003EA657 /* GeneralTabBarViewController.swift */ = {isa = PBXFileReference; lastKnownFileType = sourcecode.swift; path = GeneralTabBarViewController.swift; sourceTree = "<group>"; };
		36DFCAA90EFF8106C1406BB3 /* Pods-Deacon EatsTests.release.xcconfig */ = {isa = PBXFileReference; includeInIndex = 1; lastKnownFileType = text.xcconfig; name = "Pods-Deacon EatsTests.release.xcconfig"; path = "Target Support Files/Pods-Deacon EatsTests/Pods-Deacon EatsTests.release.xcconfig"; sourceTree = "<group>"; };
		52FA7A42269371B5C3669E6A /* Pods-Deacon Eats.debug.xcconfig */ = {isa = PBXFileReference; includeInIndex = 1; lastKnownFileType = text.xcconfig; name = "Pods-Deacon Eats.debug.xcconfig"; path = "Target Support Files/Pods-Deacon Eats/Pods-Deacon Eats.debug.xcconfig"; sourceTree = "<group>"; };
		5D7074D9ED3880AF1EC5C9E4 /* Pods_Deacon_EatsUITests.framework */ = {isa = PBXFileReference; explicitFileType = wrapper.framework; includeInIndex = 0; path = Pods_Deacon_EatsUITests.framework; sourceTree = BUILT_PRODUCTS_DIR; };
		71796B7E222747800001F971 /* ListingsViewController.swift */ = {isa = PBXFileReference; lastKnownFileType = sourcecode.swift; path = ListingsViewController.swift; sourceTree = "<group>"; };
		915A4E662252A63800D7EF52 /* PickUpView.swift */ = {isa = PBXFileReference; lastKnownFileType = sourcecode.swift; path = PickUpView.swift; sourceTree = "<group>"; };
		963FFF343030679744CFCEB5 /* Pods-Deacon EatsUITests.release.xcconfig */ = {isa = PBXFileReference; includeInIndex = 1; lastKnownFileType = text.xcconfig; name = "Pods-Deacon EatsUITests.release.xcconfig"; path = "Target Support Files/Pods-Deacon EatsUITests/Pods-Deacon EatsUITests.release.xcconfig"; sourceTree = "<group>"; };
		B54E671A08ADD17C01572077 /* Pods-Deacon EatsTests.debug.xcconfig */ = {isa = PBXFileReference; includeInIndex = 1; lastKnownFileType = text.xcconfig; name = "Pods-Deacon EatsTests.debug.xcconfig"; path = "Target Support Files/Pods-Deacon EatsTests/Pods-Deacon EatsTests.debug.xcconfig"; sourceTree = "<group>"; };
		CF0D018400914D6285B51A56 /* Pods-Deacon Eats.release.xcconfig */ = {isa = PBXFileReference; includeInIndex = 1; lastKnownFileType = text.xcconfig; name = "Pods-Deacon Eats.release.xcconfig"; path = "Target Support Files/Pods-Deacon Eats/Pods-Deacon Eats.release.xcconfig"; sourceTree = "<group>"; };
		E1A85C5BBE09E3624E7DEE1F /* Pods_Deacon_EatsTests.framework */ = {isa = PBXFileReference; explicitFileType = wrapper.framework; includeInIndex = 0; path = Pods_Deacon_EatsTests.framework; sourceTree = BUILT_PRODUCTS_DIR; };
		E8256E46224C13020009E07A /* ProfileViewController.swift */ = {isa = PBXFileReference; lastKnownFileType = sourcecode.swift; path = ProfileViewController.swift; sourceTree = "<group>"; };
		E86E6AD3222C7D4B00D00CC8 /* PlaceOrderViewController.swift */ = {isa = PBXFileReference; lastKnownFileType = sourcecode.swift; path = PlaceOrderViewController.swift; sourceTree = "<group>"; };
		E8C37AD7226FE05800805B7F /* GoogleService-Info.plist */ = {isa = PBXFileReference; fileEncoding = 4; lastKnownFileType = text.plist.xml; name = "GoogleService-Info.plist"; path = "../../../../../Downloads/GoogleService-Info.plist"; sourceTree = "<group>"; };
		E8FFB028224C151100B948EE /* ProfileSubViewController.swift */ = {isa = PBXFileReference; lastKnownFileType = sourcecode.swift; path = ProfileSubViewController.swift; sourceTree = "<group>"; };
		E9A321F4D5A8190BDC4E214D /* Pods_Deacon_Eats.framework */ = {isa = PBXFileReference; explicitFileType = wrapper.framework; includeInIndex = 0; path = Pods_Deacon_Eats.framework; sourceTree = BUILT_PRODUCTS_DIR; };
		F41EC1A91E820C4289B3667E /* Pods-Deacon EatsUITests.debug.xcconfig */ = {isa = PBXFileReference; includeInIndex = 1; lastKnownFileType = text.xcconfig; name = "Pods-Deacon EatsUITests.debug.xcconfig"; path = "Target Support Files/Pods-Deacon EatsUITests/Pods-Deacon EatsUITests.debug.xcconfig"; sourceTree = "<group>"; };
/* End PBXFileReference section */

/* Begin PBXFrameworksBuildPhase section */
		30B378D2221B731500D1AC2C /* Frameworks */ = {
			isa = PBXFrameworksBuildPhase;
			buildActionMask = 2147483647;
			files = (
				C745014D5EBDA4F19FF0A88E /* Pods_Deacon_Eats.framework in Frameworks */,
			);
			runOnlyForDeploymentPostprocessing = 0;
		};
		30B378E6221B731600D1AC2C /* Frameworks */ = {
			isa = PBXFrameworksBuildPhase;
			buildActionMask = 2147483647;
			files = (
				EFBBAB61F58A835E9B45B4C0 /* Pods_Deacon_EatsTests.framework in Frameworks */,
			);
			runOnlyForDeploymentPostprocessing = 0;
		};
		30B378F1221B731600D1AC2C /* Frameworks */ = {
			isa = PBXFrameworksBuildPhase;
			buildActionMask = 2147483647;
			files = (
				CF1F15D07604831142535B39 /* Pods_Deacon_EatsUITests.framework in Frameworks */,
			);
			runOnlyForDeploymentPostprocessing = 0;
		};
/* End PBXFrameworksBuildPhase section */

/* Begin PBXGroup section */
		0720C1535DA4E1C0E80B0D19 /* Frameworks */ = {
			isa = PBXGroup;
			children = (
				E9A321F4D5A8190BDC4E214D /* Pods_Deacon_Eats.framework */,
				E1A85C5BBE09E3624E7DEE1F /* Pods_Deacon_EatsTests.framework */,
				5D7074D9ED3880AF1EC5C9E4 /* Pods_Deacon_EatsUITests.framework */,
			);
			name = Frameworks;
			sourceTree = "<group>";
		};
		30B378CC221B731500D1AC2C = {
			isa = PBXGroup;
			children = (
				30B378D7221B731500D1AC2C /* Deacon Eats */,
				30B378EC221B731600D1AC2C /* Deacon EatsTests */,
				30B378F7221B731600D1AC2C /* Deacon EatsUITests */,
				30B378D6221B731500D1AC2C /* Products */,
				50A943C987C46CCBB1F1378B /* Pods */,
				0720C1535DA4E1C0E80B0D19 /* Frameworks */,
			);
			sourceTree = "<group>";
		};
		30B378D6221B731500D1AC2C /* Products */ = {
			isa = PBXGroup;
			children = (
				30B378D5221B731500D1AC2C /* Deacon Eats.app */,
				30B378E9221B731600D1AC2C /* Deacon EatsTests.xctest */,
				30B378F4221B731600D1AC2C /* Deacon EatsUITests.xctest */,
			);
			name = Products;
			sourceTree = "<group>";
		};
		30B378D7221B731500D1AC2C /* Deacon Eats */ = {
			isa = PBXGroup;
			children = (
				30B378D8221B731500D1AC2C /* AppDelegate.swift */,
				30E29D89222744DC003EA657 /* NewOrderViewController.swift */,
				E86E6AD3222C7D4B00D00CC8 /* PlaceOrderViewController.swift */,
				71796B7E222747800001F971 /* ListingsViewController.swift */,
				915A4E662252A63800D7EF52 /* PickUpView.swift */,
				E8256E46224C13020009E07A /* ProfileViewController.swift */,
				E8FFB028224C151100B948EE /* ProfileSubViewController.swift */,
				30E29D8B22274644003EA657 /* GeneralTabBarViewController.swift */,
				30B378DC221B731500D1AC2C /* Main.storyboard */,
				30B378E1221B731600D1AC2C /* LaunchScreen.storyboard */,
				30B378E4221B731600D1AC2C /* Info.plist */,
				E8C37AD7226FE05800805B7F /* GoogleService-Info.plist */,
				30B378DF221B731600D1AC2C /* Assets.xcassets */,
				30B378DA221B731500D1AC2C /* ViewController.swift */,
			);
			path = "Deacon Eats";
			sourceTree = "<group>";
		};
		30B378EC221B731600D1AC2C /* Deacon EatsTests */ = {
			isa = PBXGroup;
			children = (
				30B378ED221B731600D1AC2C /* Deacon_EatsTests.swift */,
				30B378EF221B731600D1AC2C /* Info.plist */,
			);
			path = "Deacon EatsTests";
			sourceTree = "<group>";
		};
		30B378F7221B731600D1AC2C /* Deacon EatsUITests */ = {
			isa = PBXGroup;
			children = (
				30B378F8221B731600D1AC2C /* Deacon_EatsUITests.swift */,
				30B378FA221B731600D1AC2C /* Info.plist */,
			);
			path = "Deacon EatsUITests";
			sourceTree = "<group>";
		};
		50A943C987C46CCBB1F1378B /* Pods */ = {
			isa = PBXGroup;
			children = (
				52FA7A42269371B5C3669E6A /* Pods-Deacon Eats.debug.xcconfig */,
				CF0D018400914D6285B51A56 /* Pods-Deacon Eats.release.xcconfig */,
				B54E671A08ADD17C01572077 /* Pods-Deacon EatsTests.debug.xcconfig */,
				36DFCAA90EFF8106C1406BB3 /* Pods-Deacon EatsTests.release.xcconfig */,
				F41EC1A91E820C4289B3667E /* Pods-Deacon EatsUITests.debug.xcconfig */,
				963FFF343030679744CFCEB5 /* Pods-Deacon EatsUITests.release.xcconfig */,
			);
			path = Pods;
			sourceTree = "<group>";
		};
/* End PBXGroup section */

/* Begin PBXNativeTarget section */
		30B378D4221B731500D1AC2C /* Deacon Eats */ = {
			isa = PBXNativeTarget;
			buildConfigurationList = 30B378FD221B731600D1AC2C /* Build configuration list for PBXNativeTarget "Deacon Eats" */;
			buildPhases = (
				B487433421353C9AA9FB6BA3 /* [CP] Check Pods Manifest.lock */,
				30B378D1221B731500D1AC2C /* Sources */,
				30B378D2221B731500D1AC2C /* Frameworks */,
				30B378D3221B731500D1AC2C /* Resources */,
				E1B64D932A2987FB76B1E80C /* [CP] Embed Pods Frameworks */,
			);
			buildRules = (
			);
			dependencies = (
			);
			name = "Deacon Eats";
			productName = "Deacon Eats";
			productReference = 30B378D5221B731500D1AC2C /* Deacon Eats.app */;
			productType = "com.apple.product-type.application";
		};
		30B378E8221B731600D1AC2C /* Deacon EatsTests */ = {
			isa = PBXNativeTarget;
			buildConfigurationList = 30B37900221B731600D1AC2C /* Build configuration list for PBXNativeTarget "Deacon EatsTests" */;
			buildPhases = (
				C6E3104085320C29C77E2D5C /* [CP] Check Pods Manifest.lock */,
				30B378E5221B731600D1AC2C /* Sources */,
				30B378E6221B731600D1AC2C /* Frameworks */,
				30B378E7221B731600D1AC2C /* Resources */,
			);
			buildRules = (
			);
			dependencies = (
				30B378EB221B731600D1AC2C /* PBXTargetDependency */,
			);
			name = "Deacon EatsTests";
			productName = "Deacon EatsTests";
			productReference = 30B378E9221B731600D1AC2C /* Deacon EatsTests.xctest */;
			productType = "com.apple.product-type.bundle.unit-test";
		};
		30B378F3221B731600D1AC2C /* Deacon EatsUITests */ = {
			isa = PBXNativeTarget;
			buildConfigurationList = 30B37903221B731600D1AC2C /* Build configuration list for PBXNativeTarget "Deacon EatsUITests" */;
			buildPhases = (
				8E05ECBD0BC0C887A29CACAA /* [CP] Check Pods Manifest.lock */,
				30B378F0221B731600D1AC2C /* Sources */,
				30B378F1221B731600D1AC2C /* Frameworks */,
				30B378F2221B731600D1AC2C /* Resources */,
			);
			buildRules = (
			);
			dependencies = (
				30B378F6221B731600D1AC2C /* PBXTargetDependency */,
			);
			name = "Deacon EatsUITests";
			productName = "Deacon EatsUITests";
			productReference = 30B378F4221B731600D1AC2C /* Deacon EatsUITests.xctest */;
			productType = "com.apple.product-type.bundle.ui-testing";
		};
/* End PBXNativeTarget section */

/* Begin PBXProject section */
		30B378CD221B731500D1AC2C /* Project object */ = {
			isa = PBXProject;
			attributes = {
				LastSwiftUpdateCheck = 1010;
				LastUpgradeCheck = 1010;
				ORGANIZATIONNAME = "Mitch Eisenstat";
				TargetAttributes = {
					30B378D4221B731500D1AC2C = {
						CreatedOnToolsVersion = 10.1;
						SystemCapabilities = {
							com.apple.Push = {
								enabled = 0;
							};
						};
					};
					30B378E8221B731600D1AC2C = {
						CreatedOnToolsVersion = 10.1;
						TestTargetID = 30B378D4221B731500D1AC2C;
					};
					30B378F3221B731600D1AC2C = {
						CreatedOnToolsVersion = 10.1;
						TestTargetID = 30B378D4221B731500D1AC2C;
					};
				};
			};
			buildConfigurationList = 30B378D0221B731500D1AC2C /* Build configuration list for PBXProject "Deacon Eats" */;
			compatibilityVersion = "Xcode 9.3";
			developmentRegion = en;
			hasScannedForEncodings = 0;
			knownRegions = (
				en,
				Base,
			);
			mainGroup = 30B378CC221B731500D1AC2C;
			productRefGroup = 30B378D6221B731500D1AC2C /* Products */;
			projectDirPath = "";
			projectRoot = "";
			targets = (
				30B378D4221B731500D1AC2C /* Deacon Eats */,
				30B378E8221B731600D1AC2C /* Deacon EatsTests */,
				30B378F3221B731600D1AC2C /* Deacon EatsUITests */,
			);
		};
/* End PBXProject section */

/* Begin PBXResourcesBuildPhase section */
		30B378D3221B731500D1AC2C /* Resources */ = {
			isa = PBXResourcesBuildPhase;
			buildActionMask = 2147483647;
			files = (
				30B378E3221B731600D1AC2C /* LaunchScreen.storyboard in Resources */,
				E8C37AD8226FE05800805B7F /* GoogleService-Info.plist in Resources */,
				30B378E0221B731600D1AC2C /* Assets.xcassets in Resources */,
				30B378DE221B731500D1AC2C /* Main.storyboard in Resources */,
			);
			runOnlyForDeploymentPostprocessing = 0;
		};
		30B378E7221B731600D1AC2C /* Resources */ = {
			isa = PBXResourcesBuildPhase;
			buildActionMask = 2147483647;
			files = (
			);
			runOnlyForDeploymentPostprocessing = 0;
		};
		30B378F2221B731600D1AC2C /* Resources */ = {
			isa = PBXResourcesBuildPhase;
			buildActionMask = 2147483647;
			files = (
			);
			runOnlyForDeploymentPostprocessing = 0;
		};
/* End PBXResourcesBuildPhase section */

/* Begin PBXShellScriptBuildPhase section */
		8E05ECBD0BC0C887A29CACAA /* [CP] Check Pods Manifest.lock */ = {
			isa = PBXShellScriptBuildPhase;
			buildActionMask = 2147483647;
			files = (
			);
			inputFileListPaths = (
			);
			inputPaths = (
				"${PODS_PODFILE_DIR_PATH}/Podfile.lock",
				"${PODS_ROOT}/Manifest.lock",
			);
			name = "[CP] Check Pods Manifest.lock";
			outputFileListPaths = (
			);
			outputPaths = (
				"$(DERIVED_FILE_DIR)/Pods-Deacon EatsUITests-checkManifestLockResult.txt",
			);
			runOnlyForDeploymentPostprocessing = 0;
			shellPath = /bin/sh;
			shellScript = "diff \"${PODS_PODFILE_DIR_PATH}/Podfile.lock\" \"${PODS_ROOT}/Manifest.lock\" > /dev/null\nif [ $? != 0 ] ; then\n    # print error to STDERR\n    echo \"error: The sandbox is not in sync with the Podfile.lock. Run 'pod install' or update your CocoaPods installation.\" >&2\n    exit 1\nfi\n# This output is used by Xcode 'outputs' to avoid re-running this script phase.\necho \"SUCCESS\" > \"${SCRIPT_OUTPUT_FILE_0}\"\n";
			showEnvVarsInLog = 0;
		};
		B487433421353C9AA9FB6BA3 /* [CP] Check Pods Manifest.lock */ = {
			isa = PBXShellScriptBuildPhase;
			buildActionMask = 2147483647;
			files = (
			);
			inputFileListPaths = (
			);
			inputPaths = (
				"${PODS_PODFILE_DIR_PATH}/Podfile.lock",
				"${PODS_ROOT}/Manifest.lock",
			);
			name = "[CP] Check Pods Manifest.lock";
			outputFileListPaths = (
			);
			outputPaths = (
				"$(DERIVED_FILE_DIR)/Pods-Deacon Eats-checkManifestLockResult.txt",
			);
			runOnlyForDeploymentPostprocessing = 0;
			shellPath = /bin/sh;
			shellScript = "diff \"${PODS_PODFILE_DIR_PATH}/Podfile.lock\" \"${PODS_ROOT}/Manifest.lock\" > /dev/null\nif [ $? != 0 ] ; then\n    # print error to STDERR\n    echo \"error: The sandbox is not in sync with the Podfile.lock. Run 'pod install' or update your CocoaPods installation.\" >&2\n    exit 1\nfi\n# This output is used by Xcode 'outputs' to avoid re-running this script phase.\necho \"SUCCESS\" > \"${SCRIPT_OUTPUT_FILE_0}\"\n";
			showEnvVarsInLog = 0;
		};
		C6E3104085320C29C77E2D5C /* [CP] Check Pods Manifest.lock */ = {
			isa = PBXShellScriptBuildPhase;
			buildActionMask = 2147483647;
			files = (
			);
			inputFileListPaths = (
			);
			inputPaths = (
				"${PODS_PODFILE_DIR_PATH}/Podfile.lock",
				"${PODS_ROOT}/Manifest.lock",
			);
			name = "[CP] Check Pods Manifest.lock";
			outputFileListPaths = (
			);
			outputPaths = (
				"$(DERIVED_FILE_DIR)/Pods-Deacon EatsTests-checkManifestLockResult.txt",
			);
			runOnlyForDeploymentPostprocessing = 0;
			shellPath = /bin/sh;
			shellScript = "diff \"${PODS_PODFILE_DIR_PATH}/Podfile.lock\" \"${PODS_ROOT}/Manifest.lock\" > /dev/null\nif [ $? != 0 ] ; then\n    # print error to STDERR\n    echo \"error: The sandbox is not in sync with the Podfile.lock. Run 'pod install' or update your CocoaPods installation.\" >&2\n    exit 1\nfi\n# This output is used by Xcode 'outputs' to avoid re-running this script phase.\necho \"SUCCESS\" > \"${SCRIPT_OUTPUT_FILE_0}\"\n";
			showEnvVarsInLog = 0;
		};
		E1B64D932A2987FB76B1E80C /* [CP] Embed Pods Frameworks */ = {
			isa = PBXShellScriptBuildPhase;
			buildActionMask = 2147483647;
			files = (
			);
			inputFileListPaths = (
			);
			inputPaths = (
				"${PODS_ROOT}/Target Support Files/Pods-Deacon Eats/Pods-Deacon Eats-frameworks.sh",
				"${BUILT_PRODUCTS_DIR}/GoogleUtilities/GoogleUtilities.framework",
				"${BUILT_PRODUCTS_DIR}/leveldb-library/leveldb.framework",
				"${BUILT_PRODUCTS_DIR}/nanopb/nanopb.framework",
			);
			name = "[CP] Embed Pods Frameworks";
			outputFileListPaths = (
			);
			outputPaths = (
				"${TARGET_BUILD_DIR}/${FRAMEWORKS_FOLDER_PATH}/GoogleUtilities.framework",
				"${TARGET_BUILD_DIR}/${FRAMEWORKS_FOLDER_PATH}/leveldb.framework",
				"${TARGET_BUILD_DIR}/${FRAMEWORKS_FOLDER_PATH}/nanopb.framework",
			);
			runOnlyForDeploymentPostprocessing = 0;
			shellPath = /bin/sh;
			shellScript = "\"${PODS_ROOT}/Target Support Files/Pods-Deacon Eats/Pods-Deacon Eats-frameworks.sh\"\n";
			showEnvVarsInLog = 0;
		};
/* End PBXShellScriptBuildPhase section */

/* Begin PBXSourcesBuildPhase section */
		30B378D1221B731500D1AC2C /* Sources */ = {
			isa = PBXSourcesBuildPhase;
			buildActionMask = 2147483647;
			files = (
				915A4E672252A63800D7EF52 /* PickUpView.swift in Sources */,
				E8256E47224C13020009E07A /* ProfileViewController.swift in Sources */,
				E86E6AD4222C7D4B00D00CC8 /* PlaceOrderViewController.swift in Sources */,
				30E29D8A222744DC003EA657 /* NewOrderViewController.swift in Sources */,
				30B378DB221B731500D1AC2C /* ViewController.swift in Sources */,
				E8FFB029224C151100B948EE /* ProfileSubViewController.swift in Sources */,
				30B378D9221B731500D1AC2C /* AppDelegate.swift in Sources */,
				71796B7F222747800001F971 /* ListingsViewController.swift in Sources */,
				30E29D8C22274644003EA657 /* GeneralTabBarViewController.swift in Sources */,
			);
			runOnlyForDeploymentPostprocessing = 0;
		};
		30B378E5221B731600D1AC2C /* Sources */ = {
			isa = PBXSourcesBuildPhase;
			buildActionMask = 2147483647;
			files = (
				30B378EE221B731600D1AC2C /* Deacon_EatsTests.swift in Sources */,
			);
			runOnlyForDeploymentPostprocessing = 0;
		};
		30B378F0221B731600D1AC2C /* Sources */ = {
			isa = PBXSourcesBuildPhase;
			buildActionMask = 2147483647;
			files = (
				30B378F9221B731600D1AC2C /* Deacon_EatsUITests.swift in Sources */,
			);
			runOnlyForDeploymentPostprocessing = 0;
		};
/* End PBXSourcesBuildPhase section */

/* Begin PBXTargetDependency section */
		30B378EB221B731600D1AC2C /* PBXTargetDependency */ = {
			isa = PBXTargetDependency;
			target = 30B378D4221B731500D1AC2C /* Deacon Eats */;
			targetProxy = 30B378EA221B731600D1AC2C /* PBXContainerItemProxy */;
		};
		30B378F6221B731600D1AC2C /* PBXTargetDependency */ = {
			isa = PBXTargetDependency;
			target = 30B378D4221B731500D1AC2C /* Deacon Eats */;
			targetProxy = 30B378F5221B731600D1AC2C /* PBXContainerItemProxy */;
		};
/* End PBXTargetDependency section */

/* Begin PBXVariantGroup section */
		30B378DC221B731500D1AC2C /* Main.storyboard */ = {
			isa = PBXVariantGroup;
			children = (
				30B378DD221B731500D1AC2C /* Base */,
			);
			name = Main.storyboard;
			sourceTree = "<group>";
		};
		30B378E1221B731600D1AC2C /* LaunchScreen.storyboard */ = {
			isa = PBXVariantGroup;
			children = (
				30B378E2221B731600D1AC2C /* Base */,
			);
			name = LaunchScreen.storyboard;
			sourceTree = "<group>";
		};
/* End PBXVariantGroup section */

/* Begin XCBuildConfiguration section */
		30B378FB221B731600D1AC2C /* Debug */ = {
			isa = XCBuildConfiguration;
			buildSettings = {
				ALWAYS_SEARCH_USER_PATHS = NO;
				CLANG_ANALYZER_NONNULL = YES;
				CLANG_ANALYZER_NUMBER_OBJECT_CONVERSION = YES_AGGRESSIVE;
				CLANG_CXX_LANGUAGE_STANDARD = "gnu++14";
				CLANG_CXX_LIBRARY = "libc++";
				CLANG_ENABLE_MODULES = YES;
				CLANG_ENABLE_OBJC_ARC = YES;
				CLANG_ENABLE_OBJC_WEAK = YES;
				CLANG_WARN_BLOCK_CAPTURE_AUTORELEASING = YES;
				CLANG_WARN_BOOL_CONVERSION = YES;
				CLANG_WARN_COMMA = YES;
				CLANG_WARN_CONSTANT_CONVERSION = YES;
				CLANG_WARN_DEPRECATED_OBJC_IMPLEMENTATIONS = YES;
				CLANG_WARN_DIRECT_OBJC_ISA_USAGE = YES_ERROR;
				CLANG_WARN_DOCUMENTATION_COMMENTS = YES;
				CLANG_WARN_EMPTY_BODY = YES;
				CLANG_WARN_ENUM_CONVERSION = YES;
				CLANG_WARN_INFINITE_RECURSION = YES;
				CLANG_WARN_INT_CONVERSION = YES;
				CLANG_WARN_NON_LITERAL_NULL_CONVERSION = YES;
				CLANG_WARN_OBJC_IMPLICIT_RETAIN_SELF = YES;
				CLANG_WARN_OBJC_LITERAL_CONVERSION = YES;
				CLANG_WARN_OBJC_ROOT_CLASS = YES_ERROR;
				CLANG_WARN_RANGE_LOOP_ANALYSIS = YES;
				CLANG_WARN_STRICT_PROTOTYPES = YES;
				CLANG_WARN_SUSPICIOUS_MOVE = YES;
				CLANG_WARN_UNGUARDED_AVAILABILITY = YES_AGGRESSIVE;
				CLANG_WARN_UNREACHABLE_CODE = YES;
				CLANG_WARN__DUPLICATE_METHOD_MATCH = YES;
				CODE_SIGN_IDENTITY = "iPhone Developer";
				COPY_PHASE_STRIP = NO;
				DEBUG_INFORMATION_FORMAT = dwarf;
				ENABLE_STRICT_OBJC_MSGSEND = YES;
				ENABLE_TESTABILITY = YES;
				GCC_C_LANGUAGE_STANDARD = gnu11;
				GCC_DYNAMIC_NO_PIC = NO;
				GCC_NO_COMMON_BLOCKS = YES;
				GCC_OPTIMIZATION_LEVEL = 0;
				GCC_PREPROCESSOR_DEFINITIONS = (
					"DEBUG=1",
					"$(inherited)",
				);
				GCC_WARN_64_TO_32_BIT_CONVERSION = YES;
				GCC_WARN_ABOUT_RETURN_TYPE = YES_ERROR;
				GCC_WARN_UNDECLARED_SELECTOR = YES;
				GCC_WARN_UNINITIALIZED_AUTOS = YES_AGGRESSIVE;
				GCC_WARN_UNUSED_FUNCTION = YES;
				GCC_WARN_UNUSED_VARIABLE = YES;
				IPHONEOS_DEPLOYMENT_TARGET = 12.1;
				MTL_ENABLE_DEBUG_INFO = INCLUDE_SOURCE;
				MTL_FAST_MATH = YES;
				ONLY_ACTIVE_ARCH = YES;
				SDKROOT = iphoneos;
				SWIFT_ACTIVE_COMPILATION_CONDITIONS = DEBUG;
				SWIFT_OPTIMIZATION_LEVEL = "-Onone";
			};
			name = Debug;
		};
		30B378FC221B731600D1AC2C /* Release */ = {
			isa = XCBuildConfiguration;
			buildSettings = {
				ALWAYS_SEARCH_USER_PATHS = NO;
				CLANG_ANALYZER_NONNULL = YES;
				CLANG_ANALYZER_NUMBER_OBJECT_CONVERSION = YES_AGGRESSIVE;
				CLANG_CXX_LANGUAGE_STANDARD = "gnu++14";
				CLANG_CXX_LIBRARY = "libc++";
				CLANG_ENABLE_MODULES = YES;
				CLANG_ENABLE_OBJC_ARC = YES;
				CLANG_ENABLE_OBJC_WEAK = YES;
				CLANG_WARN_BLOCK_CAPTURE_AUTORELEASING = YES;
				CLANG_WARN_BOOL_CONVERSION = YES;
				CLANG_WARN_COMMA = YES;
				CLANG_WARN_CONSTANT_CONVERSION = YES;
				CLANG_WARN_DEPRECATED_OBJC_IMPLEMENTATIONS = YES;
				CLANG_WARN_DIRECT_OBJC_ISA_USAGE = YES_ERROR;
				CLANG_WARN_DOCUMENTATION_COMMENTS = YES;
				CLANG_WARN_EMPTY_BODY = YES;
				CLANG_WARN_ENUM_CONVERSION = YES;
				CLANG_WARN_INFINITE_RECURSION = YES;
				CLANG_WARN_INT_CONVERSION = YES;
				CLANG_WARN_NON_LITERAL_NULL_CONVERSION = YES;
				CLANG_WARN_OBJC_IMPLICIT_RETAIN_SELF = YES;
				CLANG_WARN_OBJC_LITERAL_CONVERSION = YES;
				CLANG_WARN_OBJC_ROOT_CLASS = YES_ERROR;
				CLANG_WARN_RANGE_LOOP_ANALYSIS = YES;
				CLANG_WARN_STRICT_PROTOTYPES = YES;
				CLANG_WARN_SUSPICIOUS_MOVE = YES;
				CLANG_WARN_UNGUARDED_AVAILABILITY = YES_AGGRESSIVE;
				CLANG_WARN_UNREACHABLE_CODE = YES;
				CLANG_WARN__DUPLICATE_METHOD_MATCH = YES;
				CODE_SIGN_IDENTITY = "iPhone Developer";
				COPY_PHASE_STRIP = NO;
				DEBUG_INFORMATION_FORMAT = "dwarf-with-dsym";
				ENABLE_NS_ASSERTIONS = NO;
				ENABLE_STRICT_OBJC_MSGSEND = YES;
				GCC_C_LANGUAGE_STANDARD = gnu11;
				GCC_NO_COMMON_BLOCKS = YES;
				GCC_WARN_64_TO_32_BIT_CONVERSION = YES;
				GCC_WARN_ABOUT_RETURN_TYPE = YES_ERROR;
				GCC_WARN_UNDECLARED_SELECTOR = YES;
				GCC_WARN_UNINITIALIZED_AUTOS = YES_AGGRESSIVE;
				GCC_WARN_UNUSED_FUNCTION = YES;
				GCC_WARN_UNUSED_VARIABLE = YES;
				IPHONEOS_DEPLOYMENT_TARGET = 12.1;
				MTL_ENABLE_DEBUG_INFO = NO;
				MTL_FAST_MATH = YES;
				SDKROOT = iphoneos;
				SWIFT_COMPILATION_MODE = wholemodule;
				SWIFT_OPTIMIZATION_LEVEL = "-O";
				VALIDATE_PRODUCT = YES;
			};
			name = Release;
		};
		30B378FE221B731600D1AC2C /* Debug */ = {
			isa = XCBuildConfiguration;
			baseConfigurationReference = 52FA7A42269371B5C3669E6A /* Pods-Deacon Eats.debug.xcconfig */;
			buildSettings = {
				ASSETCATALOG_COMPILER_APPICON_NAME = AppIcon;
				CODE_SIGN_STYLE = Automatic;
				DEVELOPMENT_TEAM = R5M7G8CJ7Q;
				INFOPLIST_FILE = "Deacon Eats/Info.plist";
				LD_RUNPATH_SEARCH_PATHS = (
					"$(inherited)",
					"@executable_path/Frameworks",
				);
				PRODUCT_BUNDLE_IDENTIFIER = "com.example.Deacon-Eats";
				PRODUCT_NAME = "$(TARGET_NAME)";
				PROVISIONING_PROFILE_SPECIFIER = "";
				SWIFT_VERSION = 4.2;
				TARGETED_DEVICE_FAMILY = 1;
			};
			name = Debug;
		};
		30B378FF221B731600D1AC2C /* Release */ = {
			isa = XCBuildConfiguration;
			baseConfigurationReference = CF0D018400914D6285B51A56 /* Pods-Deacon Eats.release.xcconfig */;
			buildSettings = {
				ASSETCATALOG_COMPILER_APPICON_NAME = AppIcon;
				CODE_SIGN_STYLE = Automatic;
				DEVELOPMENT_TEAM = R5M7G8CJ7Q;
				INFOPLIST_FILE = "Deacon Eats/Info.plist";
				LD_RUNPATH_SEARCH_PATHS = (
					"$(inherited)",
					"@executable_path/Frameworks",
				);
				PRODUCT_BUNDLE_IDENTIFIER = "com.example.Deacon-Eats";
				PRODUCT_NAME = "$(TARGET_NAME)";
				PROVISIONING_PROFILE_SPECIFIER = "";
				SWIFT_VERSION = 4.2;
				TARGETED_DEVICE_FAMILY = 1;
			};
			name = Release;
		};
		30B37901221B731600D1AC2C /* Debug */ = {
			isa = XCBuildConfiguration;
			baseConfigurationReference = B54E671A08ADD17C01572077 /* Pods-Deacon EatsTests.debug.xcconfig */;
			buildSettings = {
				ALWAYS_EMBED_SWIFT_STANDARD_LIBRARIES = YES;
				BUNDLE_LOADER = "$(TEST_HOST)";
				CODE_SIGN_STYLE = Automatic;
				DEVELOPMENT_TEAM = R5M7G8CJ7Q;
				INFOPLIST_FILE = "Deacon EatsTests/Info.plist";
				LD_RUNPATH_SEARCH_PATHS = (
					"$(inherited)",
					"@executable_path/Frameworks",
					"@loader_path/Frameworks",
				);
				PRODUCT_BUNDLE_IDENTIFIER = "com.example.Deacon-EatsTests";
				PRODUCT_NAME = "$(TARGET_NAME)";
				SWIFT_VERSION = 4.2;
				TARGETED_DEVICE_FAMILY = "1,2";
				TEST_HOST = "$(BUILT_PRODUCTS_DIR)/Deacon Eats.app/Deacon Eats";
			};
			name = Debug;
		};
		30B37902221B731600D1AC2C /* Release */ = {
			isa = XCBuildConfiguration;
			baseConfigurationReference = 36DFCAA90EFF8106C1406BB3 /* Pods-Deacon EatsTests.release.xcconfig */;
			buildSettings = {
				ALWAYS_EMBED_SWIFT_STANDARD_LIBRARIES = YES;
				BUNDLE_LOADER = "$(TEST_HOST)";
				CODE_SIGN_STYLE = Automatic;
				DEVELOPMENT_TEAM = R5M7G8CJ7Q;
				INFOPLIST_FILE = "Deacon EatsTests/Info.plist";
				LD_RUNPATH_SEARCH_PATHS = (
					"$(inherited)",
					"@executable_path/Frameworks",
					"@loader_path/Frameworks",
				);
				PRODUCT_BUNDLE_IDENTIFIER = "com.example.Deacon-EatsTests";
				PRODUCT_NAME = "$(TARGET_NAME)";
				SWIFT_VERSION = 4.2;
				TARGETED_DEVICE_FAMILY = "1,2";
				TEST_HOST = "$(BUILT_PRODUCTS_DIR)/Deacon Eats.app/Deacon Eats";
			};
			name = Release;
		};
		30B37904221B731600D1AC2C /* Debug */ = {
			isa = XCBuildConfiguration;
			baseConfigurationReference = F41EC1A91E820C4289B3667E /* Pods-Deacon EatsUITests.debug.xcconfig */;
			buildSettings = {
				ALWAYS_EMBED_SWIFT_STANDARD_LIBRARIES = YES;
				CODE_SIGN_STYLE = Automatic;
				DEVELOPMENT_TEAM = R5M7G8CJ7Q;
				INFOPLIST_FILE = "Deacon EatsUITests/Info.plist";
				LD_RUNPATH_SEARCH_PATHS = (
					"$(inherited)",
					"@executable_path/Frameworks",
					"@loader_path/Frameworks",
				);
				PRODUCT_BUNDLE_IDENTIFIER = "com.example.Deacon-EatsUITests";
				PRODUCT_NAME = "$(TARGET_NAME)";
				SWIFT_VERSION = 4.2;
				TARGETED_DEVICE_FAMILY = "1,2";
				TEST_TARGET_NAME = "Deacon Eats";
			};
			name = Debug;
		};
		30B37905221B731600D1AC2C /* Release */ = {
			isa = XCBuildConfiguration;
			baseConfigurationReference = 963FFF343030679744CFCEB5 /* Pods-Deacon EatsUITests.release.xcconfig */;
			buildSettings = {
				ALWAYS_EMBED_SWIFT_STANDARD_LIBRARIES = YES;
				CODE_SIGN_STYLE = Automatic;
				DEVELOPMENT_TEAM = R5M7G8CJ7Q;
				INFOPLIST_FILE = "Deacon EatsUITests/Info.plist";
				LD_RUNPATH_SEARCH_PATHS = (
					"$(inherited)",
					"@executable_path/Frameworks",
					"@loader_path/Frameworks",
				);
				PRODUCT_BUNDLE_IDENTIFIER = "com.example.Deacon-EatsUITests";
				PRODUCT_NAME = "$(TARGET_NAME)";
				SWIFT_VERSION = 4.2;
				TARGETED_DEVICE_FAMILY = "1,2";
				TEST_TARGET_NAME = "Deacon Eats";
			};
			name = Release;
		};
/* End XCBuildConfiguration section */

/* Begin XCConfigurationList section */
		30B378D0221B731500D1AC2C /* Build configuration list for PBXProject "Deacon Eats" */ = {
			isa = XCConfigurationList;
			buildConfigurations = (
				30B378FB221B731600D1AC2C /* Debug */,
				30B378FC221B731600D1AC2C /* Release */,
			);
			defaultConfigurationIsVisible = 0;
			defaultConfigurationName = Release;
		};
		30B378FD221B731600D1AC2C /* Build configuration list for PBXNativeTarget "Deacon Eats" */ = {
			isa = XCConfigurationList;
			buildConfigurations = (
				30B378FE221B731600D1AC2C /* Debug */,
				30B378FF221B731600D1AC2C /* Release */,
			);
			defaultConfigurationIsVisible = 0;
			defaultConfigurationName = Release;
		};
		30B37900221B731600D1AC2C /* Build configuration list for PBXNativeTarget "Deacon EatsTests" */ = {
			isa = XCConfigurationList;
			buildConfigurations = (
				30B37901221B731600D1AC2C /* Debug */,
				30B37902221B731600D1AC2C /* Release */,
			);
			defaultConfigurationIsVisible = 0;
			defaultConfigurationName = Release;
		};
		30B37903221B731600D1AC2C /* Build configuration list for PBXNativeTarget "Deacon EatsUITests" */ = {
			isa = XCConfigurationList;
			buildConfigurations = (
				30B37904221B731600D1AC2C /* Debug */,
				30B37905221B731600D1AC2C /* Release */,
			);
			defaultConfigurationIsVisible = 0;
			defaultConfigurationName = Release;
		};
/* End XCConfigurationList section */
	};
	rootObject = 30B378CD221B731500D1AC2C /* Project object */;
}
